NeoBundleLock indentLine a97b6d12ae06c2db524e2ceba976f1d4f4637cb7
NeoBundleLock lightline.vim d465f10338962799b25571604599f4913c36d266
NeoBundleLock molokai c67bdfcdb31415aa0ade7f8c003261700a885476
NeoBundleLock neobundle.vim 26d03781886ed887e390d4ad8b935987754b1c2c
NeoBundleLock neocomplete.vim 970cba438d3baf8239ccaaf53105bf880732507f
NeoBundleLock neosnippet c86a19b06a39da938d599f26775522e7a98cb65b
NeoBundleLock neosnippet-snippets 8dbb78599984140c50418d3dd23d0de4c8f13e74
NeoBundleLock nerdtree 8a6ae7c6338378b6bb28ad0cf03e71ff0fd11a5a
NeoBundleLock syntastic cd871da6b4515e393ec0ba885423594447980e09
NeoBundleLock vim-trailing-whitespace 4c596548216b7c19971f8fc94e38ef1a2b55fee6
